
Microsoft Visual Studio Solution File, Format Version 12.00
# Visual Studio Version 17
VisualStudioVersion = 17.1.32319.34
MinimumVisualStudioVersion = 10.0.40219.1
Project("{9A19103F-16F7-4668-BE54-9A1E7A4F7556}") = "RS2 Vjezba", "RS2 Vjezba.csproj", "{813786AF-0786-433B-9DDB-270E3E8E0CF6}"
EndProject
Project("{9A19103F-16F7-4668-BE54-9A1E7A4F7556}") = "RS2 Vjezba.Services", "..\RS2 Vjezba.Services\RS2 Vjezba.Services.csproj", "{71009592-0430-4635-AA99-AF3D8CC588ED}"
EndProject
Project("{9A19103F-16F7-4668-BE54-9A1E7A4F7556}") = "RS2 Vjezba.Models", "..\RS2 Vjezbe.Models\RS2 Vjezba.Models.csproj", "{BB80B5C2-46E8-40E9-AB05-3D8B1B9DC03D}"
EndProject
Project("{FAE04EC0-301F-11D3-BF4B-00C04F79EFBC}") = "RS2 Vjezba.WinUI", "..\RS2 Vjezba.WinUI\RS2 Vjezba.WinUI.csproj", "{94EFA5DE-D124-4367-9455-63F5C737B5B8}"
EndProject
Global
	GlobalSection(SolutionConfigurationPlatforms) = preSolution
		Debug|Any CPU = Debug|Any CPU
		Release|Any CPU = Release|Any CPU
	EndGlobalSection
	GlobalSection(ProjectConfigurationPlatforms) = postSolution
		{813786AF-0786-433B-9DDB-270E3E8E0CF6}.Debug|Any CPU.ActiveCfg = Debug|Any CPU
		{813786AF-0786-433B-9DDB-270E3E8E0CF6}.Debug|Any CPU.Build.0 = Debug|Any CPU
		{813786AF-0786-433B-9DDB-270E3E8E0CF6}.Release|Any CPU.ActiveCfg = Release|Any CPU
		{813786AF-0786-433B-9DDB-270E3E8E0CF6}.Release|Any CPU.Build.0 = Release|Any CPU
		{71009592-0430-4635-AA99-AF3D8CC588ED}.Debug|Any CPU.ActiveCfg = Debug|Any CPU
		{71009592-0430-4635-AA99-AF3D8CC588ED}.Debug|Any CPU.Build.0 = Debug|Any CPU
		{71009592-0430-4635-AA99-AF3D8CC588ED}.Release|Any CPU.ActiveCfg = Release|Any CPU
		{71009592-0430-4635-AA99-AF3D8CC588ED}.Release|Any CPU.Build.0 = Release|Any CPU
		{BB80B5C2-46E8-40E9-AB05-3D8B1B9DC03D}.Debug|Any CPU.ActiveCfg = Debug|Any CPU
		{BB80B5C2-46E8-40E9-AB05-3D8B1B9DC03D}.Debug|Any CPU.Build.0 = Debug|Any CPU
		{BB80B5C2-46E8-40E9-AB05-3D8B1B9DC03D}.Release|Any CPU.ActiveCfg = Release|Any CPU
		{BB80B5C2-46E8-40E9-AB05-3D8B1B9DC03D}.Release|Any CPU.Build.0 = Release|Any CPU
		{94EFA5DE-D124-4367-9455-63F5C737B5B8}.Debug|Any CPU.ActiveCfg = Debug|Any CPU
		{94EFA5DE-D124-4367-9455-63F5C737B5B8}.Debug|Any CPU.Build.0 = Debug|Any CPU
		{94EFA5DE-D124-4367-9455-63F5C737B5B8}.Release|Any CPU.ActiveCfg = Release|Any CPU
		{94EFA5DE-D124-4367-9455-63F5C737B5B8}.Release|Any CPU.Build.0 = Release|Any CPU
	EndGlobalSection
	GlobalSection(SolutionProperties) = preSolution
		HideSolutionNode = FALSE
	EndGlobalSection
	GlobalSection(ExtensibilityGlobals) = postSolution
		SolutionGuid = {AFF33F4F-584B-41BA-A3A8-5B7A0D484A47}
	EndGlobalSection
EndGlobal
